
Microsoft Visual Studio Solution File, Format Version 12.00
# Visual Studio Version 16
VisualStudioVersion = 16.0.31005.135
MinimumVisualStudioVersion = 10.0.40219.1
Project("{FAE04EC0-301F-11D3-BF4B-00C04F79EFBC}") = "ConsoleApp1", "ConsoleApp1\ConsoleApp1.csproj", "{2DCA87E8-0697-4834-8C30-4E31F5C697BD}"
EndProject
Global
	GlobalSection(SolutionConfigurationPlatforms) = preSolution
		Debug|Any CPU = Debug|Any CPU
		Release|Any CPU = Release|Any CPU
	EndGlobalSection
	GlobalSection(ProjectConfigurationPlatforms) = postSolution
		{2DCA87E8-0697-4834-8C30-4E31F5C697BD}.Debug|Any CPU.ActiveCfg = Debug|Any CPU
		{2DCA87E8-0697-4834-8C30-4E31F5C697BD}.Debug|Any CPU.Build.0 = Debug|Any CPU
		{2DCA87E8-0697-4834-8C30-4E31F5C697BD}.Release|Any CPU.ActiveCfg = Release|Any CPU
		{2DCA87E8-0697-4834-8C30-4E31F5C697BD}.Release|Any CPU.Build.0 = Release|Any CPU
	EndGlobalSection
	GlobalSection(SolutionProperties) = preSolution
		HideSolutionNode = FALSE
	EndGlobalSection
	GlobalSection(ExtensibilityGlobals) = postSolution
		SolutionGuid = {C2D7255A-F4F8-4D9B-A650-1A25A08C2453}
	EndGlobalSection
EndGlobal
